{
   "name": "automated-rec-release-a",
   "version": "1.0.6",
   "lockfileVersion": 1,
   "requires": true,
   "dependencies": {
     "automated-rec-release-b-1": {
       "version": "1.0.12",
       "resolved": "https://registry.npmjs.org/automated-rec-release-b-1/-/automated-rec-release-b-1-1.0.12.tgz",
       "integrity": "sha512-0YxSlr5eAgITc9+cZ+vqKNdY0qSYwHr/+oHdRnKYsnYLrLKzWAR6qIqfMXyvAwp3N/if7kVVk8cYYr7TAp/NBA==",
       "requires": {
         "automated-rec-release-c": "1.0.6"
       }
     },
     "automated-rec-release-b-2": {
       "version": "1.0.2",
       "resolved": "https://registry.npmjs.org/automated-rec-release-b-2/-/automated-rec-release-b-2-1.0.2.tgz",
       "integrity": "sha512-zwCOW2F+pY2He6NiqTGxJW0g3reskGIrTmUi9IHwfIBpT2fpeMaYyVcetDp7FpXFfO+d4W/HNOwUxYhBkgw5hg==",
       "requires": {
         "automated-rec-release-d": "1.0.0"
       },
       "dependencies": {
         "automated-rec-release-d": {
           "version": "1.0.0",
           "resolved": "https://registry.npmjs.org/automated-rec-release-d/-/automated-rec-release-d-1.0.0.tgz",
           "integrity": "sha512-E4JjZiQRay4NrFxIijJHR5ZKQ2rOvc9OvgdcQZvDNQ/rzMyDVnNIizPMW/Y0tE7H0asO09WorG6MC4SmtF43Zw=="
         }
       }
     },
     "automated-rec-release-c": {
       "version": "1.0.6",
       "resolved": "https://registry.npmjs.org/automated-rec-release-c/-/automated-rec-release-c-1.0.6.tgz",
       "integrity": "sha512-WyN/bGQyP8rKpKcQ9Fi4RtZosUCNjebfh2hr0fFwM/DXpc/0BUubNNF0mXrnhEd2Um+uniy7/1M/N1mZxUfqrw==",
       "requires": {
         "automated-rec-release-d": "^1.0.0"
       }
     },
     "automated-rec-release-d": {
       "version": "1.0.1",
       "resolved": "https://registry.npmjs.org/automated-rec-release-d/-/automated-rec-release-d-1.0.1.tgz",
       "integrity": "sha512-l9I3k7Z33dByaOQD2bRsRMpR3XlHFwXCoiu2x+kz7pY53TURxg4BcmW+IS07oHQLIDE+UPfpqa0bUEFcKbSxzw=="
     }
   }
 }