{
   "name": "automated-rec-release-a",
   "version": "1.0.6",
   "lockfileVersion": 1,
   "requires": true,
   "dependencies": {
     "automated-rec-release-b-1": {
       "version": "1.0.8",
       "resolved": "https://registry.npmjs.org/automated-rec-release-b-1/-/automated-rec-release-b-1-1.0.8.tgz",
       "integrity": "sha512-GfWnz+YhzS6vscqXX4te4nvtIDfKsjIevTd9zv4BM8i2bh6mxGhbkRQ/EvvMajzckkVDbo43QYNbkyuO5WyJFQ==",
       "requires": {
         "automated-rec-release-c": "1.0.4"
       }
     },
     "automated-rec-release-b-2": {
       "version": "1.0.5",
       "resolved": "https://registry.npmjs.org/automated-rec-release-b-2/-/automated-rec-release-b-2-1.0.5.tgz",
       "integrity": "sha512-Hz6Gpy3iYR/rSxx8Yp2d8xnrqx5opl7kEMDlL8m0B01sqNj/xmSuh/UV2CXbza9LtwL0TmC68sqlwnwxiBTr/w==",
       "requires": {
         "automated-rec-release-d": "1.0.2"
       }
     },
     "automated-rec-release-c": {
       "version": "1.0.4",
       "resolved": "https://registry.npmjs.org/automated-rec-release-c/-/automated-rec-release-c-1.0.4.tgz",
       "integrity": "sha512-tP7HAecTXK7hghAp7F3DmUyQBQ5sxLsc4XUkmpaQEVMTrzKFED5E3noI7w6rLrqeDRLAhQeojdTHUmZmlkqOnQ==",
       "requires": {
         "automated-rec-release-d": "^1.0.0"
       }
     },
     "automated-rec-release-d": {
       "version": "1.0.2",
       "resolved": "https://registry.npmjs.org/automated-rec-release-d/-/automated-rec-release-d-1.0.2.tgz",
       "integrity": "sha512-Ph3LYAcZ4uVrk/QJGEqqv25k0YZ70W92Og36+D+VPNIaOF9FGrQBf4+/1WosadRRhzpuq8YipI3pClVp7DEIhg=="
     }
   }
 }